// !$*UTF8*$!
{
	archiveVersion = 1;
	classes = {
	};
	objectVersion = 55;
	objects = {

/* Begin PBXBuildFile section */
		EA9757992900843F00C0F124 /* AppDelegate.swift in Sources */ = {isa = PBXBuildFile; fileRef = EA9757982900843F00C0F124 /* AppDelegate.swift */; };
		EA97579B2900843F00C0F124 /* SceneDelegate.swift in Sources */ = {isa = PBXBuildFile; fileRef = EA97579A2900843F00C0F124 /* SceneDelegate.swift */; };
		EA97579D2900843F00C0F124 /* ViewController.swift in Sources */ = {isa = PBXBuildFile; fileRef = EA97579C2900843F00C0F124 /* ViewController.swift */; };
		EA9757A02900843F00C0F124 /* Main.storyboard in Resources */ = {isa = PBXBuildFile; fileRef = EA97579E2900843F00C0F124 /* Main.storyboard */; };
		EA9757A22900844000C0F124 /* Assets.xcassets in Resources */ = {isa = PBXBuildFile; fileRef = EA9757A12900844000C0F124 /* Assets.xcassets */; };
		EA9757A52900844000C0F124 /* LaunchScreen.storyboard in Resources */ = {isa = PBXBuildFile; fileRef = EA9757A32900844000C0F124 /* LaunchScreen.storyboard */; };
		EA9757B02900844000C0F124 /* SignUpPageDesignTests.swift in Sources */ = {isa = PBXBuildFile; fileRef = EA9757AF2900844000C0F124 /* SignUpPageDesignTests.swift */; };
		EA9757BA2900844000C0F124 /* SignUpPageDesignUITests.swift in Sources */ = {isa = PBXBuildFile; fileRef = EA9757B92900844000C0F124 /* SignUpPageDesignUITests.swift */; };
		EA9757BC2900844000C0F124 /* SignUpPageDesignUITestsLaunchTests.swift in Sources */ = {isa = PBXBuildFile; fileRef = EA9757BB2900844000C0F124 /* SignUpPageDesignUITestsLaunchTests.swift */; };
/* End PBXBuildFile section */

/* Begin PBXContainerItemProxy section */
		EA9757AC2900844000C0F124 /* PBXContainerItemProxy */ = {
			isa = PBXContainerItemProxy;
			containerPortal = EA97578D2900843F00C0F124 /* Project object */;
			proxyType = 1;
			remoteGlobalIDString = EA9757942900843F00C0F124;
			remoteInfo = SignUpPageDesign;
		};
		EA9757B62900844000C0F124 /* PBXContainerItemProxy */ = {
			isa = PBXContainerItemProxy;
			containerPortal = EA97578D2900843F00C0F124 /* Project object */;
			proxyType = 1;
			remoteGlobalIDString = EA9757942900843F00C0F124;
			remoteInfo = SignUpPageDesign;
		};
/* End PBXContainerItemProxy section */

/* Begin PBXFileReference section */
		EA9757952900843F00C0F124 /* SignUpPageDesign.app */ = {isa = PBXFileReference; explicitFileType = wrapper.application; includeInIndex = 0; path = SignUpPageDesign.app; sourceTree = BUILT_PRODUCTS_DIR; };
		EA9757982900843F00C0F124 /* AppDelegate.swift */ = {isa = PBXFileReference; lastKnownFileType = sourcecode.swift; path = AppDelegate.swift; sourceTree = "<group>"; };
		EA97579A2900843F00C0F124 /* SceneDelegate.swift */ = {isa = PBXFileReference; lastKnownFileType = sourcecode.swift; path = SceneDelegate.swift; sourceTree = "<group>"; };
		EA97579C2900843F00C0F124 /* ViewController.swift */ = {isa = PBXFileReference; lastKnownFileType = sourcecode.swift; path = ViewController.swift; sourceTree = "<group>"; };
		EA97579F2900843F00C0F124 /* Base */ = {isa = PBXFileReference; lastKnownFileType = file.storyboard; name = Base; path = Base.lproj/Main.storyboard; sourceTree = "<group>"; };
		EA9757A12900844000C0F124 /* Assets.xcassets */ = {isa = PBXFileReference; lastKnownFileType = folder.assetcatalog; path = Assets.xcassets; sourceTree = "<group>"; };
		EA9757A42900844000C0F124 /* Base */ = {isa = PBXFileReference; lastKnownFileType = file.storyboard; name = Base; path = Base.lproj/LaunchScreen.storyboard; sourceTree = "<group>"; };
		EA9757A62900844000C0F124 /* Info.plist */ = {isa = PBXFileReference; lastKnownFileType = text.plist.xml; path = Info.plist; sourceTree = "<group>"; };
		EA9757AB2900844000C0F124 /* SignUpPageDesignTests.xctest */ = {isa = PBXFileReference; explicitFileType = wrapper.cfbundle; includeInIndex = 0; path = SignUpPageDesignTests.xctest; sourceTree = BUILT_PRODUCTS_DIR; };
		EA9757AF2900844000C0F124 /* SignUpPageDesignTests.swift */ = {isa = PBXFileReference; lastKnownFileType = sourcecode.swift; path = SignUpPageDesignTests.swift; sourceTree = "<group>"; };
		EA9757B52900844000C0F124 /* SignUpPageDesignUITests.xctest */ = {isa = PBXFileReference; explicitFileType = wrapper.cfbundle; includeInIndex = 0; path = SignUpPageDesignUITests.xctest; sourceTree = BUILT_PRODUCTS_DIR; };
		EA9757B92900844000C0F124 /* SignUpPageDesignUITests.swift */ = {isa = PBXFileReference; lastKnownFileType = sourcecode.swift; path = SignUpPageDesignUITests.swift; sourceTree = "<group>"; };
		EA9757BB2900844000C0F124 /* SignUpPageDesignUITestsLaunchTests.swift */ = {isa = PBXFileReference; lastKnownFileType = sourcecode.swift; path = SignUpPageDesignUITestsLaunchTests.swift; sourceTree = "<group>"; };
/* End PBXFileReference section */

/* Begin PBXFrameworksBuildPhase section */
		EA9757922900843F00C0F124 /* Frameworks */ = {
			isa = PBXFrameworksBuildPhase;
			buildActionMask = 2147483647;
			files = (
			);
			runOnlyForDeploymentPostprocessing = 0;
		};
		EA9757A82900844000C0F124 /* Frameworks */ = {
			isa = PBXFrameworksBuildPhase;
			buildActionMask = 2147483647;
			files = (
			);
			runOnlyForDeploymentPostprocessing = 0;
		};
		EA9757B22900844000C0F124 /* Frameworks */ = {
			isa = PBXFrameworksBuildPhase;
			buildActionMask = 2147483647;
			files = (
			);
			runOnlyForDeploymentPostprocessing = 0;
		};
/* End PBXFrameworksBuildPhase section */

/* Begin PBXGroup section */
		EA97578C2900843F00C0F124 = {
			isa = PBXGroup;
			children = (
				EA9757972900843F00C0F124 /* SignUpPageDesign */,
				EA9757AE2900844000C0F124 /* SignUpPageDesignTests */,
				EA9757B82900844000C0F124 /* SignUpPageDesignUITests */,
				EA9757962900843F00C0F124 /* Products */,
			);
			sourceTree = "<group>";
		};
		EA9757962900843F00C0F124 /* Products */ = {
			isa = PBXGroup;
			children = (
				EA9757952900843F00C0F124 /* SignUpPageDesign.app */,
				EA9757AB2900844000C0F124 /* SignUpPageDesignTests.xctest */,
				EA9757B52900844000C0F124 /* SignUpPageDesignUITests.xctest */,
			);
			name = Products;
			sourceTree = "<group>";
		};
		EA9757972900843F00C0F124 /* SignUpPageDesign */ = {
			isa = PBXGroup;
			children = (
				EA9757982900843F00C0F124 /* AppDelegate.swift */,
				EA97579A2900843F00C0F124 /* SceneDelegate.swift */,
				EA97579C2900843F00C0F124 /* ViewController.swift */,
				EA97579E2900843F00C0F124 /* Main.storyboard */,
				EA9757A12900844000C0F124 /* Assets.xcassets */,
				EA9757A32900844000C0F124 /* LaunchScreen.storyboard */,
				EA9757A62900844000C0F124 /* Info.plist */,
			);
			path = SignUpPageDesign;
			sourceTree = "<group>";
		};
		EA9757AE2900844000C0F124 /* SignUpPageDesignTests */ = {
			isa = PBXGroup;
			children = (
				EA9757AF2900844000C0F124 /* SignUpPageDesignTests.swift */,
			);
			path = SignUpPageDesignTests;
			sourceTree = "<group>";
		};
		EA9757B82900844000C0F124 /* SignUpPageDesignUITests */ = {
			isa = PBXGroup;
			children = (
				EA9757B92900844000C0F124 /* SignUpPageDesignUITests.swift */,
				EA9757BB2900844000C0F124 /* SignUpPageDesignUITestsLaunchTests.swift */,
			);
			path = SignUpPageDesignUITests;
			sourceTree = "<group>";
		};
/* End PBXGroup section */

/* Begin PBXNativeTarget section */
		EA9757942900843F00C0F124 /* SignUpPageDesign */ = {
			isa = PBXNativeTarget;
			buildConfigurationList = EA9757BF2900844000C0F124 /* Build configuration list for PBXNativeTarget "SignUpPageDesign" */;
			buildPhases = (
				EA9757912900843F00C0F124 /* Sources */,
				EA9757922900843F00C0F124 /* Frameworks */,
				EA9757932900843F00C0F124 /* Resources */,
			);
			buildRules = (
			);
			dependencies = (
			);
			name = SignUpPageDesign;
			productName = SignUpPageDesign;
			productReference = EA9757952900843F00C0F124 /* SignUpPageDesign.app */;
			productType = "com.apple.product-type.application";
		};
		EA9757AA2900844000C0F124 /* SignUpPageDesignTests */ = {
			isa = PBXNativeTarget;
			buildConfigurationList = EA9757C22900844000C0F124 /* Build configuration list for PBXNativeTarget "SignUpPageDesignTests" */;
			buildPhases = (
				EA9757A72900844000C0F124 /* Sources */,
				EA9757A82900844000C0F124 /* Frameworks */,
				EA9757A92900844000C0F124 /* Resources */,
			);
			buildRules = (
			);
			dependencies = (
				EA9757AD2900844000C0F124 /* PBXTargetDependency */,
			);
			name = SignUpPageDesignTests;
			productName = SignUpPageDesignTests;
			productReference = EA9757AB2900844000C0F124 /* SignUpPageDesignTests.xctest */;
			productType = "com.apple.product-type.bundle.unit-test";
		};
		EA9757B42900844000C0F124 /* SignUpPageDesignUITests */ = {
			isa = PBXNativeTarget;
			buildConfigurationList = EA9757C52900844000C0F124 /* Build configuration list for PBXNativeTarget "SignUpPageDesignUITests" */;
			buildPhases = (
				EA9757B12900844000C0F124 /* Sources */,
				EA9757B22900844000C0F124 /* Frameworks */,
				EA9757B32900844000C0F124 /* Resources */,
			);
			buildRules = (
			);
			dependencies = (
				EA9757B72900844000C0F124 /* PBXTargetDependency */,
			);
			name = SignUpPageDesignUITests;
			productName = SignUpPageDesignUITests;
			productReference = EA9757B52900844000C0F124 /* SignUpPageDesignUITests.xctest */;
			productType = "com.apple.product-type.bundle.ui-testing";
		};
/* End PBXNativeTarget section */

/* Begin PBXProject section */
		EA97578D2900843F00C0F124 /* Project object */ = {
			isa = PBXProject;
			attributes = {
				BuildIndependentTargetsInParallel = 1;
				LastSwiftUpdateCheck = 1340;
				LastUpgradeCheck = 1340;
				TargetAttributes = {
					EA9757942900843F00C0F124 = {
						CreatedOnToolsVersion = 13.4;
					};
					EA9757AA2900844000C0F124 = {
						CreatedOnToolsVersion = 13.4;
						TestTargetID = EA9757942900843F00C0F124;
					};
					EA9757B42900844000C0F124 = {
						CreatedOnToolsVersion = 13.4;
						TestTargetID = EA9757942900843F00C0F124;
					};
				};
			};
			buildConfigurationList = EA9757902900843F00C0F124 /* Build configuration list for PBXProject "SignUpPageDesign" */;
			compatibilityVersion = "Xcode 13.0";
			developmentRegion = en;
			hasScannedForEncodings = 0;
			knownRegions = (
				en,
				Base,
			);
			mainGroup = EA97578C2900843F00C0F124;
			productRefGroup = EA9757962900843F00C0F124 /* Products */;
			projectDirPath = "";
			projectRoot = "";
			targets = (
				EA9757942900843F00C0F124 /* SignUpPageDesign */,
				EA9757AA2900844000C0F124 /* SignUpPageDesignTests */,
				EA9757B42900844000C0F124 /* SignUpPageDesignUITests */,
			);
		};
/* End PBXProject section */

/* Begin PBXResourcesBuildPhase section */
		EA9757932900843F00C0F124 /* Resources */ = {
			isa = PBXResourcesBuildPhase;
			buildActionMask = 2147483647;
			files = (
				EA9757A52900844000C0F124 /* LaunchScreen.storyboard in Resources */,
				EA9757A22900844000C0F124 /* Assets.xcassets in Resources */,
				EA9757A02900843F00C0F124 /* Main.storyboard in Resources */,
			);
			runOnlyForDeploymentPostprocessing = 0;
		};
		EA9757A92900844000C0F124 /* Resources */ = {
			isa = PBXResourcesBuildPhase;
			buildActionMask = 2147483647;
			files = (
			);
			runOnlyForDeploymentPostprocessing = 0;
		};
		EA9757B32900844000C0F124 /* Resources */ = {
			isa = PBXResourcesBuildPhase;
			buildActionMask = 2147483647;
			files = (
			);
			runOnlyForDeploymentPostprocessing = 0;
		};
/* End PBXResourcesBuildPhase section */

/* Begin PBXSourcesBuildPhase section */
		EA9757912900843F00C0F124 /* Sources */ = {
			isa = PBXSourcesBuildPhase;
			buildActionMask = 2147483647;
			files = (
				EA97579D2900843F00C0F124 /* ViewController.swift in Sources */,
				EA9757992900843F00C0F124 /* AppDelegate.swift in Sources */,
				EA97579B2900843F00C0F124 /* SceneDelegate.swift in Sources */,
			);
			runOnlyForDeploymentPostprocessing = 0;
		};
		EA9757A72900844000C0F124 /* Sources */ = {
			isa = PBXSourcesBuildPhase;
			buildActionMask = 2147483647;
			files = (
				EA9757B02900844000C0F124 /* SignUpPageDesignTests.swift in Sources */,
			);
			runOnlyForDeploymentPostprocessing = 0;
		};
		EA9757B12900844000C0F124 /* Sources */ = {
			isa = PBXSourcesBuildPhase;
			buildActionMask = 2147483647;
			files = (
				EA9757BA2900844000C0F124 /* SignUpPageDesignUITests.swift in Sources */,
				EA9757BC2900844000C0F124 /* SignUpPageDesignUITestsLaunchTests.swift in Sources */,
			);
			runOnlyForDeploymentPostprocessing = 0;
		};
/* End PBXSourcesBuildPhase section */

/* Begin PBXTargetDependency section */
		EA9757AD2900844000C0F124 /* PBXTargetDependency */ = {
			isa = PBXTargetDependency;
			target = EA9757942900843F00C0F124 /* SignUpPageDesign */;
			targetProxy = EA9757AC2900844000C0F124 /* PBXContainerItemProxy */;
		};
		EA9757B72900844000C0F124 /* PBXTargetDependency */ = {
			isa = PBXTargetDependency;
			target = EA9757942900843F00C0F124 /* SignUpPageDesign */;
			targetProxy = EA9757B62900844000C0F124 /* PBXContainerItemProxy */;
		};
/* End PBXTargetDependency section */

/* Begin PBXVariantGroup section */
		EA97579E2900843F00C0F124 /* Main.storyboard */ = {
			isa = PBXVariantGroup;
			children = (
				EA97579F2900843F00C0F124 /* Base */,
			);
			name = Main.storyboard;
			sourceTree = "<group>";
		};
		EA9757A32900844000C0F124 /* LaunchScreen.storyboard */ = {
			isa = PBXVariantGroup;
			children = (
				EA9757A42900844000C0F124 /* Base */,
			);
			name = LaunchScreen.storyboard;
			sourceTree = "<group>";
		};
/* End PBXVariantGroup section */

/* Begin XCBuildConfiguration section */
		EA9757BD2900844000C0F124 /* Debug */ = {
			isa = XCBuildConfiguration;
			buildSettings = {
				ALWAYS_SEARCH_USER_PATHS = NO;
				CLANG_ANALYZER_NONNULL = YES;
				CLANG_ANALYZER_NUMBER_OBJECT_CONVERSION = YES_AGGRESSIVE;
				CLANG_CXX_LANGUAGE_STANDARD = "gnu++17";
				CLANG_ENABLE_MODULES = YES;
				CLANG_ENABLE_OBJC_ARC = YES;
				CLANG_ENABLE_OBJC_WEAK = YES;
				CLANG_WARN_BLOCK_CAPTURE_AUTORELEASING = YES;
				CLANG_WARN_BOOL_CONVERSION = YES;
				CLANG_WARN_COMMA = YES;
				CLANG_WARN_CONSTANT_CONVERSION = YES;
				CLANG_WARN_DEPRECATED_OBJC_IMPLEMENTATIONS = YES;
				CLANG_WARN_DIRECT_OBJC_ISA_USAGE = YES_ERROR;
				CLANG_WARN_DOCUMENTATION_COMMENTS = YES;
				CLANG_WARN_EMPTY_BODY = YES;
				CLANG_WARN_ENUM_CONVERSION = YES;
				CLANG_WARN_INFINITE_RECURSION = YES;
				CLANG_WARN_INT_CONVERSION = YES;
				CLANG_WARN_NON_LITERAL_NULL_CONVERSION = YES;
				CLANG_WARN_OBJC_IMPLICIT_RETAIN_SELF = YES;
				CLANG_WARN_OBJC_LITERAL_CONVERSION = YES;
				CLANG_WARN_OBJC_ROOT_CLASS = YES_ERROR;
				CLANG_WARN_QUOTED_INCLUDE_IN_FRAMEWORK_HEADER = YES;
				CLANG_WARN_RANGE_LOOP_ANALYSIS = YES;
				CLANG_WARN_STRICT_PROTOTYPES = YES;
				CLANG_WARN_SUSPICIOUS_MOVE = YES;
				CLANG_WARN_UNGUARDED_AVAILABILITY = YES_AGGRESSIVE;
				CLANG_WARN_UNREACHABLE_CODE = YES;
				CLANG_WARN__DUPLICATE_METHOD_MATCH = YES;
				COPY_PHASE_STRIP = NO;
				DEBUG_INFORMATION_FORMAT = dwarf;
				ENABLE_STRICT_OBJC_MSGSEND = YES;
				ENABLE_TESTABILITY = YES;
				GCC_C_LANGUAGE_STANDARD = gnu11;
				GCC_DYNAMIC_NO_PIC = NO;
				GCC_NO_COMMON_BLOCKS = YES;
				GCC_OPTIMIZATION_LEVEL = 0;
				GCC_PREPROCESSOR_DEFINITIONS = (
					"DEBUG=1",
					"$(inherited)",
				);
				GCC_WARN_64_TO_32_BIT_CONVERSION = YES;
				GCC_WARN_ABOUT_RETURN_TYPE = YES_ERROR;
				GCC_WARN_UNDECLARED_SELECTOR = YES;
				GCC_WARN_UNINITIALIZED_AUTOS = YES_AGGRESSIVE;
				GCC_WARN_UNUSED_FUNCTION = YES;
				GCC_WARN_UNUSED_VARIABLE = YES;
				IPHONEOS_DEPLOYMENT_TARGET = 15.5;
				MTL_ENABLE_DEBUG_INFO = INCLUDE_SOURCE;
				MTL_FAST_MATH = YES;
				ONLY_ACTIVE_ARCH = YES;
				SDKROOT = iphoneos;
				SWIFT_ACTIVE_COMPILATION_CONDITIONS = DEBUG;
				SWIFT_OPTIMIZATION_LEVEL = "-Onone";
			};
			name = Debug;
		};
		EA9757BE2900844000C0F124 /* Release */ = {
			isa = XCBuildConfiguration;
			buildSettings = {
				ALWAYS_SEARCH_USER_PATHS = NO;
				CLANG_ANALYZER_NONNULL = YES;
				CLANG_ANALYZER_NUMBER_OBJECT_CONVERSION = YES_AGGRESSIVE;
				CLANG_CXX_LANGUAGE_STANDARD = "gnu++17";
				CLANG_ENABLE_MODULES = YES;
				CLANG_ENABLE_OBJC_ARC = YES;
				CLANG_ENABLE_OBJC_WEAK = YES;
				CLANG_WARN_BLOCK_CAPTURE_AUTORELEASING = YES;
				CLANG_WARN_BOOL_CONVERSION = YES;
				CLANG_WARN_COMMA = YES;
				CLANG_WARN_CONSTANT_CONVERSION = YES;
				CLANG_WARN_DEPRECATED_OBJC_IMPLEMENTATIONS = YES;
				CLANG_WARN_DIRECT_OBJC_ISA_USAGE = YES_ERROR;
				CLANG_WARN_DOCUMENTATION_COMMENTS = YES;
				CLANG_WARN_EMPTY_BODY = YES;
				CLANG_WARN_ENUM_CONVERSION = YES;
				CLANG_WARN_INFINITE_RECURSION = YES;
				CLANG_WARN_INT_CONVERSION = YES;
				CLANG_WARN_NON_LITERAL_NULL_CONVERSION = YES;
				CLANG_WARN_OBJC_IMPLICIT_RETAIN_SELF = YES;
				CLANG_WARN_OBJC_LITERAL_CONVERSION = YES;
				CLANG_WARN_OBJC_ROOT_CLASS = YES_ERROR;
				CLANG_WARN_QUOTED_INCLUDE_IN_FRAMEWORK_HEADER = YES;
				CLANG_WARN_RANGE_LOOP_ANALYSIS = YES;
				CLANG_WARN_STRICT_PROTOTYPES = YES;
				CLANG_WARN_SUSPICIOUS_MOVE = YES;
				CLANG_WARN_UNGUARDED_AVAILABILITY = YES_AGGRESSIVE;
				CLANG_WARN_UNREACHABLE_CODE = YES;
				CLANG_WARN__DUPLICATE_METHOD_MATCH = YES;
				COPY_PHASE_STRIP = NO;
				DEBUG_INFORMATION_FORMAT = "dwarf-with-dsym";
				ENABLE_NS_ASSERTIONS = NO;
				ENABLE_STRICT_OBJC_MSGSEND = YES;
				GCC_C_LANGUAGE_STANDARD = gnu11;
				GCC_NO_COMMON_BLOCKS = YES;
				GCC_WARN_64_TO_32_BIT_CONVERSION = YES;
				GCC_WARN_ABOUT_RETURN_TYPE = YES_ERROR;
				GCC_WARN_UNDECLARED_SELECTOR = YES;
				GCC_WARN_UNINITIALIZED_AUTOS = YES_AGGRESSIVE;
				GCC_WARN_UNUSED_FUNCTION = YES;
				GCC_WARN_UNUSED_VARIABLE = YES;
				IPHONEOS_DEPLOYMENT_TARGET = 15.5;
				MTL_ENABLE_DEBUG_INFO = NO;
				MTL_FAST_MATH = YES;
				SDKROOT = iphoneos;
				SWIFT_COMPILATION_MODE = wholemodule;
				SWIFT_OPTIMIZATION_LEVEL = "-O";
				VALIDATE_PRODUCT = YES;
			};
			name = Release;
		};
		EA9757C02900844000C0F124 /* Debug */ = {
			isa = XCBuildConfiguration;
			buildSettings = {
				ASSETCATALOG_COMPILER_APPICON_NAME = AppIcon;
				ASSETCATALOG_COMPILER_GLOBAL_ACCENT_COLOR_NAME = AccentColor;
				CODE_SIGN_STYLE = Automatic;
				CURRENT_PROJECT_VERSION = 1;
				GENERATE_INFOPLIST_FILE = YES;
				INFOPLIST_FILE = SignUpPageDesign/Info.plist;
				INFOPLIST_KEY_UIApplicationSupportsIndirectInputEvents = YES;
				INFOPLIST_KEY_UILaunchStoryboardName = LaunchScreen;
				INFOPLIST_KEY_UIMainStoryboardFile = Main;
				INFOPLIST_KEY_UISupportedInterfaceOrientations_iPad = "UIInterfaceOrientationPortrait UIInterfaceOrientationPortraitUpsideDown UIInterfaceOrientationLandscapeLeft UIInterfaceOrientationLandscapeRight";
				INFOPLIST_KEY_UISupportedInterfaceOrientations_iPhone = "UIInterfaceOrientationPortrait UIInterfaceOrientationLandscapeLeft UIInterfaceOrientationLandscapeRight";
				IPHONEOS_DEPLOYMENT_TARGET = 15.5;
				LD_RUNPATH_SEARCH_PATHS = (
					"$(inherited)",
					"@executable_path/Frameworks",
				);
				MARKETING_VERSION = 1.0;
				PRODUCT_BUNDLE_IDENTIFIER = com.my.crmnext.SignUpPageDesign;
				PRODUCT_NAME = "$(TARGET_NAME)";
				SWIFT_EMIT_LOC_STRINGS = YES;
				SWIFT_VERSION = 5.0;
				TARGETED_DEVICE_FAMILY = "1,2";
			};
			name = Debug;
		};
		EA9757C12900844000C0F124 /* Release */ = {
			isa = XCBuildConfiguration;
			buildSettings = {
				ASSETCATALOG_COMPILER_APPICON_NAME = AppIcon;
				ASSETCATALOG_COMPILER_GLOBAL_ACCENT_COLOR_NAME = AccentColor;
				CODE_SIGN_STYLE = Automatic;
				CURRENT_PROJECT_VERSION = 1;
				GENERATE_INFOPLIST_FILE = YES;
				INFOPLIST_FILE = SignUpPageDesign/Info.plist;
				INFOPLIST_KEY_UIApplicationSupportsIndirectInputEvents = YES;
				INFOPLIST_KEY_UILaunchStoryboardName = LaunchScreen;
				INFOPLIST_KEY_UIMainStoryboardFile = Main;
				INFOPLIST_KEY_UISupportedInterfaceOrientations_iPad = "UIInterfaceOrientationPortrait UIInterfaceOrientationPortraitUpsideDown UIInterfaceOrientationLandscapeLeft UIInterfaceOrientationLandscapeRight";
				INFOPLIST_KEY_UISupportedInterfaceOrientations_iPhone = "UIInterfaceOrientationPortrait UIInterfaceOrientationLandscapeLeft UIInterfaceOrientationLandscapeRight";
				IPHONEOS_DEPLOYMENT_TARGET = 15.5;
				LD_RUNPATH_SEARCH_PATHS = (
					"$(inherited)",
					"@executable_path/Frameworks",
				);
				MARKETING_VERSION = 1.0;
				PRODUCT_BUNDLE_IDENTIFIER = com.my.crmnext.SignUpPageDesign;
				PRODUCT_NAME = "$(TARGET_NAME)";
				SWIFT_EMIT_LOC_STRINGS = YES;
				SWIFT_VERSION = 5.0;
				TARGETED_DEVICE_FAMILY = "1,2";
			};
			name = Release;
		};
		EA9757C32900844000C0F124 /* Debug */ = {
			isa = XCBuildConfiguration;
			buildSettings = {
				ALWAYS_EMBED_SWIFT_STANDARD_LIBRARIES = YES;
				BUNDLE_LOADER = "$(TEST_HOST)";
				CODE_SIGN_STYLE = Automatic;
				CURRENT_PROJECT_VERSION = 1;
				GENERATE_INFOPLIST_FILE = YES;
				IPHONEOS_DEPLOYMENT_TARGET = 15.5;
				MARKETING_VERSION = 1.0;
				PRODUCT_BUNDLE_IDENTIFIER = com.my.crmnext.SignUpPageDesignTests;
				PRODUCT_NAME = "$(TARGET_NAME)";
				SWIFT_EMIT_LOC_STRINGS = NO;
				SWIFT_VERSION = 5.0;
				TARGETED_DEVICE_FAMILY = "1,2";
				TEST_HOST = "$(BUILT_PRODUCTS_DIR)/SignUpPageDesign.app/SignUpPageDesign";
			};
			name = Debug;
		};
		EA9757C42900844000C0F124 /* Release */ = {
			isa = XCBuildConfiguration;
			buildSettings = {
				ALWAYS_EMBED_SWIFT_STANDARD_LIBRARIES = YES;
				BUNDLE_LOADER = "$(TEST_HOST)";
				CODE_SIGN_STYLE = Automatic;
				CURRENT_PROJECT_VERSION = 1;
				GENERATE_INFOPLIST_FILE = YES;
				IPHONEOS_DEPLOYMENT_TARGET = 15.5;
				MARKETING_VERSION = 1.0;
				PRODUCT_BUNDLE_IDENTIFIER = com.my.crmnext.SignUpPageDesignTests;
				PRODUCT_NAME = "$(TARGET_NAME)";
				SWIFT_EMIT_LOC_STRINGS = NO;
				SWIFT_VERSION = 5.0;
				TARGETED_DEVICE_FAMILY = "1,2";
				TEST_HOST = "$(BUILT_PRODUCTS_DIR)/SignUpPageDesign.app/SignUpPageDesign";
			};
			name = Release;
		};
		EA9757C62900844000C0F124 /* Debug */ = {
			isa = XCBuildConfiguration;
			buildSettings = {
				ALWAYS_EMBED_SWIFT_STANDARD_LIBRARIES = YES;
				CODE_SIGN_STYLE = Automatic;
				CURRENT_PROJECT_VERSION = 1;
				GENERATE_INFOPLIST_FILE = YES;
				MARKETING_VERSION = 1.0;
				PRODUCT_BUNDLE_IDENTIFIER = com.my.crmnext.SignUpPageDesignUITests;
				PRODUCT_NAME = "$(TARGET_NAME)";
				SWIFT_EMIT_LOC_STRINGS = NO;
				SWIFT_VERSION = 5.0;
				TARGETED_DEVICE_FAMILY = "1,2";
				TEST_TARGET_NAME = SignUpPageDesign;
			};
			name = Debug;
		};
		EA9757C72900844000C0F124 /* Release */ = {
			isa = XCBuildConfiguration;
			buildSettings = {
				ALWAYS_EMBED_SWIFT_STANDARD_LIBRARIES = YES;
				CODE_SIGN_STYLE = Automatic;
				CURRENT_PROJECT_VERSION = 1;
				GENERATE_INFOPLIST_FILE = YES;
				MARKETING_VERSION = 1.0;
				PRODUCT_BUNDLE_IDENTIFIER = com.my.crmnext.SignUpPageDesignUITests;
				PRODUCT_NAME = "$(TARGET_NAME)";
				SWIFT_EMIT_LOC_STRINGS = NO;
				SWIFT_VERSION = 5.0;
				TARGETED_DEVICE_FAMILY = "1,2";
				TEST_TARGET_NAME = SignUpPageDesign;
			};
			name = Release;
		};
/* End XCBuildConfiguration section */

/* Begin XCConfigurationList section */
		EA9757902900843F00C0F124 /* Build configuration list for PBXProject "SignUpPageDesign" */ = {
			isa = XCConfigurationList;
			buildConfigurations = (
				EA9757BD2900844000C0F124 /* Debug */,
				EA9757BE2900844000C0F124 /* Release */,
			);
			defaultConfigurationIsVisible = 0;
			defaultConfigurationName = Release;
		};
		EA9757BF2900844000C0F124 /* Build configuration list for PBXNativeTarget "SignUpPageDesign" */ = {
			isa = XCConfigurationList;
			buildConfigurations = (
				EA9757C02900844000C0F124 /* Debug */,
				EA9757C12900844000C0F124 /* Release */,
			);
			defaultConfigurationIsVisible = 0;
			defaultConfigurationName = Release;
		};
		EA9757C22900844000C0F124 /* Build configuration list for PBXNativeTarget "SignUpPageDesignTests" */ = {
			isa = XCConfigurationList;
			buildConfigurations = (
				EA9757C32900844000C0F124 /* Debug */,
				EA9757C42900844000C0F124 /* Release */,
			);
			defaultConfigurationIsVisible = 0;
			defaultConfigurationName = Release;
		};
		EA9757C52900844000C0F124 /* Build configuration list for PBXNativeTarget "SignUpPageDesignUITests" */ = {
			isa = XCConfigurationList;
			buildConfigurations = (
				EA9757C62900844000C0F124 /* Debug */,
				EA9757C72900844000C0F124 /* Release */,
			);
			defaultConfigurationIsVisible = 0;
			defaultConfigurationName = Release;
		};
/* End XCConfigurationList section */
	};
	rootObject = EA97578D2900843F00C0F124 /* Project object */;
}
